{
  "name": "skumpa-bitcoin",
  "version": "2.0.0",
  "lockfileVersion": 3,
  "requires": true,
  "packages": {
    "": {
      "name": "skumpa-bitcoin",
      "version": "2.0.0",
      "license": "MIT",
      "bin": {
        "skumpa-bitcoin": "index.js"
      },
      "engines": {
        "node": ">=20.0.0"
      }
    }
  }
}
